// !$*UTF8*$!
{
	archiveVersion = 1;
	classes = {
	};
	objectVersion = 50;
	objects = {

/* Begin PBXBuildFile section */
		26641C8125A5BCEE00781470 /* AppDelegate.swift in Sources */ = {isa = PBXBuildFile; fileRef = 26641C8025A5BCEE00781470 /* AppDelegate.swift */; };
		26641C8325A5BCEE00781470 /* SceneDelegate.swift in Sources */ = {isa = PBXBuildFile; fileRef = 26641C8225A5BCEE00781470 /* SceneDelegate.swift */; };
		26641C8825A5BCEE00781470 /* Main.storyboard in Resources */ = {isa = PBXBuildFile; fileRef = 26641C8625A5BCEE00781470 /* Main.storyboard */; };
		26641C8A25A5BCEF00781470 /* Assets.xcassets in Resources */ = {isa = PBXBuildFile; fileRef = 26641C8925A5BCEF00781470 /* Assets.xcassets */; };
		26641C8D25A5BCEF00781470 /* LaunchScreen.storyboard in Resources */ = {isa = PBXBuildFile; fileRef = 26641C8B25A5BCEF00781470 /* LaunchScreen.storyboard */; };
		26641C9825A5BCEF00781470 /* flixsterTests.swift in Sources */ = {isa = PBXBuildFile; fileRef = 26641C9725A5BCEF00781470 /* flixsterTests.swift */; };
		26641CA325A5BCEF00781470 /* flixsterUITests.swift in Sources */ = {isa = PBXBuildFile; fileRef = 26641CA225A5BCEF00781470 /* flixsterUITests.swift */; };
		26641CB725A5BE9100781470 /* MoviesViewController.swift in Sources */ = {isa = PBXBuildFile; fileRef = 26641CB625A5BE9100781470 /* MoviesViewController.swift */; };
		26641CBC25A5E39800781470 /* MovieCell.swift in Sources */ = {isa = PBXBuildFile; fileRef = 26641CBB25A5E39800781470 /* MovieCell.swift */; };
		CCD10594D4BE0870254460F5 /* Pods_flixster.framework in Frameworks */ = {isa = PBXBuildFile; fileRef = 25ADFD2E5741A7864F83D66E /* Pods_flixster.framework */; };
/* End PBXBuildFile section */

/* Begin PBXContainerItemProxy section */
		26641C9425A5BCEF00781470 /* PBXContainerItemProxy */ = {
			isa = PBXContainerItemProxy;
			containerPortal = 26641C7525A5BCEE00781470 /* Project object */;
			proxyType = 1;
			remoteGlobalIDString = 26641C7C25A5BCEE00781470;
			remoteInfo = flixster;
		};
		26641C9F25A5BCEF00781470 /* PBXContainerItemProxy */ = {
			isa = PBXContainerItemProxy;
			containerPortal = 26641C7525A5BCEE00781470 /* Project object */;
			proxyType = 1;
			remoteGlobalIDString = 26641C7C25A5BCEE00781470;
			remoteInfo = flixster;
		};
/* End PBXContainerItemProxy section */

/* Begin PBXFileReference section */
		25ADFD2E5741A7864F83D66E /* Pods_flixster.framework */ = {isa = PBXFileReference; explicitFileType = wrapper.framework; includeInIndex = 0; path = Pods_flixster.framework; sourceTree = BUILT_PRODUCTS_DIR; };
		26641C7D25A5BCEE00781470 /* flixster.app */ = {isa = PBXFileReference; explicitFileType = wrapper.application; includeInIndex = 0; path = flixster.app; sourceTree = BUILT_PRODUCTS_DIR; };
		26641C8025A5BCEE00781470 /* AppDelegate.swift */ = {isa = PBXFileReference; lastKnownFileType = sourcecode.swift; path = AppDelegate.swift; sourceTree = "<group>"; };
		26641C8225A5BCEE00781470 /* SceneDelegate.swift */ = {isa = PBXFileReference; lastKnownFileType = sourcecode.swift; path = SceneDelegate.swift; sourceTree = "<group>"; };
		26641C8725A5BCEE00781470 /* Base */ = {isa = PBXFileReference; lastKnownFileType = file.storyboard; name = Base; path = Base.lproj/Main.storyboard; sourceTree = "<group>"; };
		26641C8925A5BCEF00781470 /* Assets.xcassets */ = {isa = PBXFileReference; lastKnownFileType = folder.assetcatalog; path = Assets.xcassets; sourceTree = "<group>"; };
		26641C8C25A5BCEF00781470 /* Base */ = {isa = PBXFileReference; lastKnownFileType = file.storyboard; name = Base; path = Base.lproj/LaunchScreen.storyboard; sourceTree = "<group>"; };
		26641C8E25A5BCEF00781470 /* Info.plist */ = {isa = PBXFileReference; lastKnownFileType = text.plist.xml; path = Info.plist; sourceTree = "<group>"; };
		26641C9325A5BCEF00781470 /* flixsterTests.xctest */ = {isa = PBXFileReference; explicitFileType = wrapper.cfbundle; includeInIndex = 0; path = flixsterTests.xctest; sourceTree = BUILT_PRODUCTS_DIR; };
		26641C9725A5BCEF00781470 /* flixsterTests.swift */ = {isa = PBXFileReference; lastKnownFileType = sourcecode.swift; path = flixsterTests.swift; sourceTree = "<group>"; };
		26641C9925A5BCEF00781470 /* Info.plist */ = {isa = PBXFileReference; lastKnownFileType = text.plist.xml; path = Info.plist; sourceTree = "<group>"; };
		26641C9E25A5BCEF00781470 /* flixsterUITests.xctest */ = {isa = PBXFileReference; explicitFileType = wrapper.cfbundle; includeInIndex = 0; path = flixsterUITests.xctest; sourceTree = BUILT_PRODUCTS_DIR; };
		26641CA225A5BCEF00781470 /* flixsterUITests.swift */ = {isa = PBXFileReference; lastKnownFileType = sourcecode.swift; path = flixsterUITests.swift; sourceTree = "<group>"; };
		26641CA425A5BCEF00781470 /* Info.plist */ = {isa = PBXFileReference; lastKnownFileType = text.plist.xml; path = Info.plist; sourceTree = "<group>"; };
		26641CB625A5BE9100781470 /* MoviesViewController.swift */ = {isa = PBXFileReference; lastKnownFileType = sourcecode.swift; path = MoviesViewController.swift; sourceTree = "<group>"; };
		26641CBB25A5E39800781470 /* MovieCell.swift */ = {isa = PBXFileReference; lastKnownFileType = sourcecode.swift; path = MovieCell.swift; sourceTree = "<group>"; };
		81B4AB16D1F45BE6CD42A85E /* Pods-flixster.release.xcconfig */ = {isa = PBXFileReference; includeInIndex = 1; lastKnownFileType = text.xcconfig; name = "Pods-flixster.release.xcconfig"; path = "Target Support Files/Pods-flixster/Pods-flixster.release.xcconfig"; sourceTree = "<group>"; };
		A912DEA10CC7CADE10BE0DF1 /* Pods-flixster.debug.xcconfig */ = {isa = PBXFileReference; includeInIndex = 1; lastKnownFileType = text.xcconfig; name = "Pods-flixster.debug.xcconfig"; path = "Target Support Files/Pods-flixster/Pods-flixster.debug.xcconfig"; sourceTree = "<group>"; };
/* End PBXFileReference section */

/* Begin PBXFrameworksBuildPhase section */
		26641C7A25A5BCEE00781470 /* Frameworks */ = {
			isa = PBXFrameworksBuildPhase;
			buildActionMask = 2147483647;
			files = (
				CCD10594D4BE0870254460F5 /* Pods_flixster.framework in Frameworks */,
			);
			runOnlyForDeploymentPostprocessing = 0;
		};
		26641C9025A5BCEF00781470 /* Frameworks */ = {
			isa = PBXFrameworksBuildPhase;
			buildActionMask = 2147483647;
			files = (
			);
			runOnlyForDeploymentPostprocessing = 0;
		};
		26641C9B25A5BCEF00781470 /* Frameworks */ = {
			isa = PBXFrameworksBuildPhase;
			buildActionMask = 2147483647;
			files = (
			);
			runOnlyForDeploymentPostprocessing = 0;
		};
/* End PBXFrameworksBuildPhase section */

/* Begin PBXGroup section */
		26641C7425A5BCEE00781470 = {
			isa = PBXGroup;
			children = (
				26641C7F25A5BCEE00781470 /* flixster */,
				26641C9625A5BCEF00781470 /* flixsterTests */,
				26641CA125A5BCEF00781470 /* flixsterUITests */,
				26641C7E25A5BCEE00781470 /* Products */,
				7D8366AFF0045137D592B939 /* Pods */,
				88455D414CD881B085E58091 /* Frameworks */,
			);
			sourceTree = "<group>";
		};
		26641C7E25A5BCEE00781470 /* Products */ = {
			isa = PBXGroup;
			children = (
				26641C7D25A5BCEE00781470 /* flixster.app */,
				26641C9325A5BCEF00781470 /* flixsterTests.xctest */,
				26641C9E25A5BCEF00781470 /* flixsterUITests.xctest */,
			);
			name = Products;
			sourceTree = "<group>";
		};
		26641C7F25A5BCEE00781470 /* flixster */ = {
			isa = PBXGroup;
			children = (
				26641C8025A5BCEE00781470 /* AppDelegate.swift */,
				26641C8225A5BCEE00781470 /* SceneDelegate.swift */,
				26641C8625A5BCEE00781470 /* Main.storyboard */,
				26641CBB25A5E39800781470 /* MovieCell.swift */,
				26641C8925A5BCEF00781470 /* Assets.xcassets */,
				26641C8B25A5BCEF00781470 /* LaunchScreen.storyboard */,
				26641C8E25A5BCEF00781470 /* Info.plist */,
				26641CB625A5BE9100781470 /* MoviesViewController.swift */,
			);
			path = flixster;
			sourceTree = "<group>";
		};
		26641C9625A5BCEF00781470 /* flixsterTests */ = {
			isa = PBXGroup;
			children = (
				26641C9725A5BCEF00781470 /* flixsterTests.swift */,
				26641C9925A5BCEF00781470 /* Info.plist */,
			);
			path = flixsterTests;
			sourceTree = "<group>";
		};
		26641CA125A5BCEF00781470 /* flixsterUITests */ = {
			isa = PBXGroup;
			children = (
				26641CA225A5BCEF00781470 /* flixsterUITests.swift */,
				26641CA425A5BCEF00781470 /* Info.plist */,
			);
			path = flixsterUITests;
			sourceTree = "<group>";
		};
		7D8366AFF0045137D592B939 /* Pods */ = {
			isa = PBXGroup;
			children = (
				A912DEA10CC7CADE10BE0DF1 /* Pods-flixster.debug.xcconfig */,
				81B4AB16D1F45BE6CD42A85E /* Pods-flixster.release.xcconfig */,
			);
			name = Pods;
			path = Pods;
			sourceTree = "<group>";
		};
		88455D414CD881B085E58091 /* Frameworks */ = {
			isa = PBXGroup;
			children = (
				25ADFD2E5741A7864F83D66E /* Pods_flixster.framework */,
			);
			name = Frameworks;
			sourceTree = "<group>";
		};
/* End PBXGroup section */

/* Begin PBXNativeTarget section */
		26641C7C25A5BCEE00781470 /* flixster */ = {
			isa = PBXNativeTarget;
			buildConfigurationList = 26641CA725A5BCEF00781470 /* Build configuration list for PBXNativeTarget "flixster" */;
			buildPhases = (
				76FF7ABDA2FFE31F522068A2 /* [CP] Check Pods Manifest.lock */,
				26641C7925A5BCEE00781470 /* Sources */,
				26641C7A25A5BCEE00781470 /* Frameworks */,
				26641C7B25A5BCEE00781470 /* Resources */,
				0A107978BB3CFE21B3ACA12C /* [CP] Embed Pods Frameworks */,
			);
			buildRules = (
			);
			dependencies = (
			);
			name = flixster;
			productName = flixster;
			productReference = 26641C7D25A5BCEE00781470 /* flixster.app */;
			productType = "com.apple.product-type.application";
		};
		26641C9225A5BCEF00781470 /* flixsterTests */ = {
			isa = PBXNativeTarget;
			buildConfigurationList = 26641CAA25A5BCEF00781470 /* Build configuration list for PBXNativeTarget "flixsterTests" */;
			buildPhases = (
				26641C8F25A5BCEF00781470 /* Sources */,
				26641C9025A5BCEF00781470 /* Frameworks */,
				26641C9125A5BCEF00781470 /* Resources */,
			);
			buildRules = (
			);
			dependencies = (
				26641C9525A5BCEF00781470 /* PBXTargetDependency */,
			);
			name = flixsterTests;
			productName = flixsterTests;
			productReference = 26641C9325A5BCEF00781470 /* flixsterTests.xctest */;
			productType = "com.apple.product-type.bundle.unit-test";
		};
		26641C9D25A5BCEF00781470 /* flixsterUITests */ = {
			isa = PBXNativeTarget;
			buildConfigurationList = 26641CAD25A5BCEF00781470 /* Build configuration list for PBXNativeTarget "flixsterUITests" */;
			buildPhases = (
				26641C9A25A5BCEF00781470 /* Sources */,
				26641C9B25A5BCEF00781470 /* Frameworks */,
				26641C9C25A5BCEF00781470 /* Resources */,
			);
			buildRules = (
			);
			dependencies = (
				26641CA025A5BCEF00781470 /* PBXTargetDependency */,
			);
			name = flixsterUITests;
			productName = flixsterUITests;
			productReference = 26641C9E25A5BCEF00781470 /* flixsterUITests.xctest */;
			productType = "com.apple.product-type.bundle.ui-testing";
		};
/* End PBXNativeTarget section */

/* Begin PBXProject section */
		26641C7525A5BCEE00781470 /* Project object */ = {
			isa = PBXProject;
			attributes = {
				LastSwiftUpdateCheck = 1230;
				LastUpgradeCheck = 1230;
				TargetAttributes = {
					26641C7C25A5BCEE00781470 = {
						CreatedOnToolsVersion = 12.3;
					};
					26641C9225A5BCEF00781470 = {
						CreatedOnToolsVersion = 12.3;
						TestTargetID = 26641C7C25A5BCEE00781470;
					};
					26641C9D25A5BCEF00781470 = {
						CreatedOnToolsVersion = 12.3;
						TestTargetID = 26641C7C25A5BCEE00781470;
					};
				};
			};
			buildConfigurationList = 26641C7825A5BCEE00781470 /* Build configuration list for PBXProject "flixster" */;
			compatibilityVersion = "Xcode 9.3";
			developmentRegion = en;
			hasScannedForEncodings = 0;
			knownRegions = (
				en,
				Base,
			);
			mainGroup = 26641C7425A5BCEE00781470;
			productRefGroup = 26641C7E25A5BCEE00781470 /* Products */;
			projectDirPath = "";
			projectRoot = "";
			targets = (
				26641C7C25A5BCEE00781470 /* flixster */,
				26641C9225A5BCEF00781470 /* flixsterTests */,
				26641C9D25A5BCEF00781470 /* flixsterUITests */,
			);
		};
/* End PBXProject section */

/* Begin PBXResourcesBuildPhase section */
		26641C7B25A5BCEE00781470 /* Resources */ = {
			isa = PBXResourcesBuildPhase;
			buildActionMask = 2147483647;
			files = (
				26641C8D25A5BCEF00781470 /* LaunchScreen.storyboard in Resources */,
				26641C8A25A5BCEF00781470 /* Assets.xcassets in Resources */,
				26641C8825A5BCEE00781470 /* Main.storyboard in Resources */,
			);
			runOnlyForDeploymentPostprocessing = 0;
		};
		26641C9125A5BCEF00781470 /* Resources */ = {
			isa = PBXResourcesBuildPhase;
			buildActionMask = 2147483647;
			files = (
			);
			runOnlyForDeploymentPostprocessing = 0;
		};
		26641C9C25A5BCEF00781470 /* Resources */ = {
			isa = PBXResourcesBuildPhase;
			buildActionMask = 2147483647;
			files = (
			);
			runOnlyForDeploymentPostprocessing = 0;
		};
/* End PBXResourcesBuildPhase section */

/* Begin PBXShellScriptBuildPhase section */
		0A107978BB3CFE21B3ACA12C /* [CP] Embed Pods Frameworks */ = {
			isa = PBXShellScriptBuildPhase;
			buildActionMask = 2147483647;
			files = (
			);
			inputFileListPaths = (
				"${PODS_ROOT}/Target Support Files/Pods-flixster/Pods-flixster-frameworks-${CONFIGURATION}-input-files.xcfilelist",
			);
			name = "[CP] Embed Pods Frameworks";
			outputFileListPaths = (
				"${PODS_ROOT}/Target Support Files/Pods-flixster/Pods-flixster-frameworks-${CONFIGURATION}-output-files.xcfilelist",
			);
			runOnlyForDeploymentPostprocessing = 0;
			shellPath = /bin/sh;
			shellScript = "\"${PODS_ROOT}/Target Support Files/Pods-flixster/Pods-flixster-frameworks.sh\"\n";
			showEnvVarsInLog = 0;
		};
		76FF7ABDA2FFE31F522068A2 /* [CP] Check Pods Manifest.lock */ = {
			isa = PBXShellScriptBuildPhase;
			buildActionMask = 2147483647;
			files = (
			);
			inputFileListPaths = (
			);
			inputPaths = (
				"${PODS_PODFILE_DIR_PATH}/Podfile.lock",
				"${PODS_ROOT}/Manifest.lock",
			);
			name = "[CP] Check Pods Manifest.lock";
			outputFileListPaths = (
			);
			outputPaths = (
				"$(DERIVED_FILE_DIR)/Pods-flixster-checkManifestLockResult.txt",
			);
			runOnlyForDeploymentPostprocessing = 0;
			shellPath = /bin/sh;
			shellScript = "diff \"${PODS_PODFILE_DIR_PATH}/Podfile.lock\" \"${PODS_ROOT}/Manifest.lock\" > /dev/null\nif [ $? != 0 ] ; then\n    # print error to STDERR\n    echo \"error: The sandbox is not in sync with the Podfile.lock. Run 'pod install' or update your CocoaPods installation.\" >&2\n    exit 1\nfi\n# This output is used by Xcode 'outputs' to avoid re-running this script phase.\necho \"SUCCESS\" > \"${SCRIPT_OUTPUT_FILE_0}\"\n";
			showEnvVarsInLog = 0;
		};
/* End PBXShellScriptBuildPhase section */

/* Begin PBXSourcesBuildPhase section */
		26641C7925A5BCEE00781470 /* Sources */ = {
			isa = PBXSourcesBuildPhase;
			buildActionMask = 2147483647;
			files = (
				26641C8125A5BCEE00781470 /* AppDelegate.swift in Sources */,
				26641C8325A5BCEE00781470 /* SceneDelegate.swift in Sources */,
				26641CBC25A5E39800781470 /* MovieCell.swift in Sources */,
				26641CB725A5BE9100781470 /* MoviesViewController.swift in Sources */,
			);
			runOnlyForDeploymentPostprocessing = 0;
		};
		26641C8F25A5BCEF00781470 /* Sources */ = {
			isa = PBXSourcesBuildPhase;
			buildActionMask = 2147483647;
			files = (
				26641C9825A5BCEF00781470 /* flixsterTests.swift in Sources */,
			);
			runOnlyForDeploymentPostprocessing = 0;
		};
		26641C9A25A5BCEF00781470 /* Sources */ = {
			isa = PBXSourcesBuildPhase;
			buildActionMask = 2147483647;
			files = (
				26641CA325A5BCEF00781470 /* flixsterUITests.swift in Sources */,
			);
			runOnlyForDeploymentPostprocessing = 0;
		};
/* End PBXSourcesBuildPhase section */

/* Begin PBXTargetDependency section */
		26641C9525A5BCEF00781470 /* PBXTargetDependency */ = {
			isa = PBXTargetDependency;
			target = 26641C7C25A5BCEE00781470 /* flixster */;
			targetProxy = 26641C9425A5BCEF00781470 /* PBXContainerItemProxy */;
		};
		26641CA025A5BCEF00781470 /* PBXTargetDependency */ = {
			isa = PBXTargetDependency;
			target = 26641C7C25A5BCEE00781470 /* flixster */;
			targetProxy = 26641C9F25A5BCEF00781470 /* PBXContainerItemProxy */;
		};
/* End PBXTargetDependency section */

/* Begin PBXVariantGroup section */
		26641C8625A5BCEE00781470 /* Main.storyboard */ = {
			isa = PBXVariantGroup;
			children = (
				26641C8725A5BCEE00781470 /* Base */,
			);
			name = Main.storyboard;
			sourceTree = "<group>";
		};
		26641C8B25A5BCEF00781470 /* LaunchScreen.storyboard */ = {
			isa = PBXVariantGroup;
			children = (
				26641C8C25A5BCEF00781470 /* Base */,
			);
			name = LaunchScreen.storyboard;
			sourceTree = "<group>";
		};
/* End PBXVariantGroup section */

/* Begin XCBuildConfiguration section */
		26641CA525A5BCEF00781470 /* Debug */ = {
			isa = XCBuildConfiguration;
			buildSettings = {
				ALWAYS_SEARCH_USER_PATHS = NO;
				CLANG_ANALYZER_NONNULL = YES;
				CLANG_ANALYZER_NUMBER_OBJECT_CONVERSION = YES_AGGRESSIVE;
				CLANG_CXX_LANGUAGE_STANDARD = "gnu++14";
				CLANG_CXX_LIBRARY = "libc++";
				CLANG_ENABLE_MODULES = YES;
				CLANG_ENABLE_OBJC_ARC = YES;
				CLANG_ENABLE_OBJC_WEAK = YES;
				CLANG_WARN_BLOCK_CAPTURE_AUTORELEASING = YES;
				CLANG_WARN_BOOL_CONVERSION = YES;
				CLANG_WARN_COMMA = YES;
				CLANG_WARN_CONSTANT_CONVERSION = YES;
				CLANG_WARN_DEPRECATED_OBJC_IMPLEMENTATIONS = YES;
				CLANG_WARN_DIRECT_OBJC_ISA_USAGE = YES_ERROR;
				CLANG_WARN_DOCUMENTATION_COMMENTS = YES;
				CLANG_WARN_EMPTY_BODY = YES;
				CLANG_WARN_ENUM_CONVERSION = YES;
				CLANG_WARN_INFINITE_RECURSION = YES;
				CLANG_WARN_INT_CONVERSION = YES;
				CLANG_WARN_NON_LITERAL_NULL_CONVERSION = YES;
				CLANG_WARN_OBJC_IMPLICIT_RETAIN_SELF = YES;
				CLANG_WARN_OBJC_LITERAL_CONVERSION = YES;
				CLANG_WARN_OBJC_ROOT_CLASS = YES_ERROR;
				CLANG_WARN_QUOTED_INCLUDE_IN_FRAMEWORK_HEADER = YES;
				CLANG_WARN_RANGE_LOOP_ANALYSIS = YES;
				CLANG_WARN_STRICT_PROTOTYPES = YES;
				CLANG_WARN_SUSPICIOUS_MOVE = YES;
				CLANG_WARN_UNGUARDED_AVAILABILITY = YES_AGGRESSIVE;
				CLANG_WARN_UNREACHABLE_CODE = YES;
				CLANG_WARN__DUPLICATE_METHOD_MATCH = YES;
				COPY_PHASE_STRIP = NO;
				DEBUG_INFORMATION_FORMAT = dwarf;
				ENABLE_STRICT_OBJC_MSGSEND = YES;
				ENABLE_TESTABILITY = YES;
				GCC_C_LANGUAGE_STANDARD = gnu11;
				GCC_DYNAMIC_NO_PIC = NO;
				GCC_NO_COMMON_BLOCKS = YES;
				GCC_OPTIMIZATION_LEVEL = 0;
				GCC_PREPROCESSOR_DEFINITIONS = (
					"DEBUG=1",
					"$(inherited)",
				);
				GCC_WARN_64_TO_32_BIT_CONVERSION = YES;
				GCC_WARN_ABOUT_RETURN_TYPE = YES_ERROR;
				GCC_WARN_UNDECLARED_SELECTOR = YES;
				GCC_WARN_UNINITIALIZED_AUTOS = YES_AGGRESSIVE;
				GCC_WARN_UNUSED_FUNCTION = YES;
				GCC_WARN_UNUSED_VARIABLE = YES;
				IPHONEOS_DEPLOYMENT_TARGET = 14.3;
				MTL_ENABLE_DEBUG_INFO = INCLUDE_SOURCE;
				MTL_FAST_MATH = YES;
				ONLY_ACTIVE_ARCH = YES;
				SDKROOT = iphoneos;
				SWIFT_ACTIVE_COMPILATION_CONDITIONS = DEBUG;
				SWIFT_OPTIMIZATION_LEVEL = "-Onone";
			};
			name = Debug;
		};
		26641CA625A5BCEF00781470 /* Release */ = {
			isa = XCBuildConfiguration;
			buildSettings = {
				ALWAYS_SEARCH_USER_PATHS = NO;
				CLANG_ANALYZER_NONNULL = YES;
				CLANG_ANALYZER_NUMBER_OBJECT_CONVERSION = YES_AGGRESSIVE;
				CLANG_CXX_LANGUAGE_STANDARD = "gnu++14";
				CLANG_CXX_LIBRARY = "libc++";
				CLANG_ENABLE_MODULES = YES;
				CLANG_ENABLE_OBJC_ARC = YES;
				CLANG_ENABLE_OBJC_WEAK = YES;
				CLANG_WARN_BLOCK_CAPTURE_AUTORELEASING = YES;
				CLANG_WARN_BOOL_CONVERSION = YES;
				CLANG_WARN_COMMA = YES;
				CLANG_WARN_CONSTANT_CONVERSION = YES;
				CLANG_WARN_DEPRECATED_OBJC_IMPLEMENTATIONS = YES;
				CLANG_WARN_DIRECT_OBJC_ISA_USAGE = YES_ERROR;
				CLANG_WARN_DOCUMENTATION_COMMENTS = YES;
				CLANG_WARN_EMPTY_BODY = YES;
				CLANG_WARN_ENUM_CONVERSION = YES;
				CLANG_WARN_INFINITE_RECURSION = YES;
				CLANG_WARN_INT_CONVERSION = YES;
				CLANG_WARN_NON_LITERAL_NULL_CONVERSION = YES;
				CLANG_WARN_OBJC_IMPLICIT_RETAIN_SELF = YES;
				CLANG_WARN_OBJC_LITERAL_CONVERSION = YES;
				CLANG_WARN_OBJC_ROOT_CLASS = YES_ERROR;
				CLANG_WARN_QUOTED_INCLUDE_IN_FRAMEWORK_HEADER = YES;
				CLANG_WARN_RANGE_LOOP_ANALYSIS = YES;
				CLANG_WARN_STRICT_PROTOTYPES = YES;
				CLANG_WARN_SUSPICIOUS_MOVE = YES;
				CLANG_WARN_UNGUARDED_AVAILABILITY = YES_AGGRESSIVE;
				CLANG_WARN_UNREACHABLE_CODE = YES;
				CLANG_WARN__DUPLICATE_METHOD_MATCH = YES;
				COPY_PHASE_STRIP = NO;
				DEBUG_INFORMATION_FORMAT = "dwarf-with-dsym";
				ENABLE_NS_ASSERTIONS = NO;
				ENABLE_STRICT_OBJC_MSGSEND = YES;
				GCC_C_LANGUAGE_STANDARD = gnu11;
				GCC_NO_COMMON_BLOCKS = YES;
				GCC_WARN_64_TO_32_BIT_CONVERSION = YES;
				GCC_WARN_ABOUT_RETURN_TYPE = YES_ERROR;
				GCC_WARN_UNDECLARED_SELECTOR = YES;
				GCC_WARN_UNINITIALIZED_AUTOS = YES_AGGRESSIVE;
				GCC_WARN_UNUSED_FUNCTION = YES;
				GCC_WARN_UNUSED_VARIABLE = YES;
				IPHONEOS_DEPLOYMENT_TARGET = 14.3;
				MTL_ENABLE_DEBUG_INFO = NO;
				MTL_FAST_MATH = YES;
				SDKROOT = iphoneos;
				SWIFT_COMPILATION_MODE = wholemodule;
				SWIFT_OPTIMIZATION_LEVEL = "-O";
				VALIDATE_PRODUCT = YES;
			};
			name = Release;
		};
		26641CA825A5BCEF00781470 /* Debug */ = {
			isa = XCBuildConfiguration;
			baseConfigurationReference = A912DEA10CC7CADE10BE0DF1 /* Pods-flixster.debug.xcconfig */;
			buildSettings = {
				ASSETCATALOG_COMPILER_APPICON_NAME = AppIcon;
				ASSETCATALOG_COMPILER_GLOBAL_ACCENT_COLOR_NAME = AccentColor;
				CODE_SIGN_STYLE = Automatic;
				INFOPLIST_FILE = flixster/Info.plist;
				LD_RUNPATH_SEARCH_PATHS = (
					"$(inherited)",
					"@executable_path/Frameworks",
				);
				PRODUCT_BUNDLE_IDENTIFIER = JingqiYao.flixster;
				PRODUCT_NAME = "$(TARGET_NAME)";
				SWIFT_VERSION = 5.0;
				TARGETED_DEVICE_FAMILY = "1,2";
			};
			name = Debug;
		};
		26641CA925A5BCEF00781470 /* Release */ = {
			isa = XCBuildConfiguration;
			baseConfigurationReference = 81B4AB16D1F45BE6CD42A85E /* Pods-flixster.release.xcconfig */;
			buildSettings = {
				ASSETCATALOG_COMPILER_APPICON_NAME = AppIcon;
				ASSETCATALOG_COMPILER_GLOBAL_ACCENT_COLOR_NAME = AccentColor;
				CODE_SIGN_STYLE = Automatic;
				INFOPLIST_FILE = flixster/Info.plist;
				LD_RUNPATH_SEARCH_PATHS = (
					"$(inherited)",
					"@executable_path/Frameworks",
				);
				PRODUCT_BUNDLE_IDENTIFIER = JingqiYao.flixster;
				PRODUCT_NAME = "$(TARGET_NAME)";
				SWIFT_VERSION = 5.0;
				TARGETED_DEVICE_FAMILY = "1,2";
			};
			name = Release;
		};
		26641CAB25A5BCEF00781470 /* Debug */ = {
			isa = XCBuildConfiguration;
			buildSettings = {
				ALWAYS_EMBED_SWIFT_STANDARD_LIBRARIES = YES;
				BUNDLE_LOADER = "$(TEST_HOST)";
				CODE_SIGN_STYLE = Automatic;
				INFOPLIST_FILE = flixsterTests/Info.plist;
				IPHONEOS_DEPLOYMENT_TARGET = 14.3;
				LD_RUNPATH_SEARCH_PATHS = (
					"$(inherited)",
					"@executable_path/Frameworks",
					"@loader_path/Frameworks",
				);
				PRODUCT_BUNDLE_IDENTIFIER = JingqiYao.flixsterTests;
				PRODUCT_NAME = "$(TARGET_NAME)";
				SWIFT_VERSION = 5.0;
				TARGETED_DEVICE_FAMILY = "1,2";
				TEST_HOST = "$(BUILT_PRODUCTS_DIR)/flixster.app/flixster";
			};
			name = Debug;
		};
		26641CAC25A5BCEF00781470 /* Release */ = {
			isa = XCBuildConfiguration;
			buildSettings = {
				ALWAYS_EMBED_SWIFT_STANDARD_LIBRARIES = YES;
				BUNDLE_LOADER = "$(TEST_HOST)";
				CODE_SIGN_STYLE = Automatic;
				INFOPLIST_FILE = flixsterTests/Info.plist;
				IPHONEOS_DEPLOYMENT_TARGET = 14.3;
				LD_RUNPATH_SEARCH_PATHS = (
					"$(inherited)",
					"@executable_path/Frameworks",
					"@loader_path/Frameworks",
				);
				PRODUCT_BUNDLE_IDENTIFIER = JingqiYao.flixsterTests;
				PRODUCT_NAME = "$(TARGET_NAME)";
				SWIFT_VERSION = 5.0;
				TARGETED_DEVICE_FAMILY = "1,2";
				TEST_HOST = "$(BUILT_PRODUCTS_DIR)/flixster.app/flixster";
			};
			name = Release;
		};
		26641CAE25A5BCEF00781470 /* Debug */ = {
			isa = XCBuildConfiguration;
			buildSettings = {
				ALWAYS_EMBED_SWIFT_STANDARD_LIBRARIES = YES;
				CODE_SIGN_STYLE = Automatic;
				INFOPLIST_FILE = flixsterUITests/Info.plist;
				LD_RUNPATH_SEARCH_PATHS = (
					"$(inherited)",
					"@executable_path/Frameworks",
					"@loader_path/Frameworks",
				);
				PRODUCT_BUNDLE_IDENTIFIER = JingqiYao.flixsterUITests;
				PRODUCT_NAME = "$(TARGET_NAME)";
				SWIFT_VERSION = 5.0;
				TARGETED_DEVICE_FAMILY = "1,2";
				TEST_TARGET_NAME = flixster;
			};
			name = Debug;
		};
		26641CAF25A5BCEF00781470 /* Release */ = {
			isa = XCBuildConfiguration;
			buildSettings = {
				ALWAYS_EMBED_SWIFT_STANDARD_LIBRARIES = YES;
				CODE_SIGN_STYLE = Automatic;
				INFOPLIST_FILE = flixsterUITests/Info.plist;
				LD_RUNPATH_SEARCH_PATHS = (
					"$(inherited)",
					"@executable_path/Frameworks",
					"@loader_path/Frameworks",
				);
				PRODUCT_BUNDLE_IDENTIFIER = JingqiYao.flixsterUITests;
				PRODUCT_NAME = "$(TARGET_NAME)";
				SWIFT_VERSION = 5.0;
				TARGETED_DEVICE_FAMILY = "1,2";
				TEST_TARGET_NAME = flixster;
			};
			name = Release;
		};
/* End XCBuildConfiguration section */

/* Begin XCConfigurationList section */
		26641C7825A5BCEE00781470 /* Build configuration list for PBXProject "flixster" */ = {
			isa = XCConfigurationList;
			buildConfigurations = (
				26641CA525A5BCEF00781470 /* Debug */,
				26641CA625A5BCEF00781470 /* Release */,
			);
			defaultConfigurationIsVisible = 0;
			defaultConfigurationName = Release;
		};
		26641CA725A5BCEF00781470 /* Build configuration list for PBXNativeTarget "flixster" */ = {
			isa = XCConfigurationList;
			buildConfigurations = (
				26641CA825A5BCEF00781470 /* Debug */,
				26641CA925A5BCEF00781470 /* Release */,
			);
			defaultConfigurationIsVisible = 0;
			defaultConfigurationName = Release;
		};
		26641CAA25A5BCEF00781470 /* Build configuration list for PBXNativeTarget "flixsterTests" */ = {
			isa = XCConfigurationList;
			buildConfigurations = (
				26641CAB25A5BCEF00781470 /* Debug */,
				26641CAC25A5BCEF00781470 /* Release */,
			);
			defaultConfigurationIsVisible = 0;
			defaultConfigurationName = Release;
		};
		26641CAD25A5BCEF00781470 /* Build configuration list for PBXNativeTarget "flixsterUITests" */ = {
			isa = XCConfigurationList;
			buildConfigurations = (
				26641CAE25A5BCEF00781470 /* Debug */,
				26641CAF25A5BCEF00781470 /* Release */,
			);
			defaultConfigurationIsVisible = 0;
			defaultConfigurationName = Release;
		};
/* End XCConfigurationList section */
	};
	rootObject = 26641C7525A5BCEE00781470 /* Project object */;
}
